
Microsoft Visual Studio Solution File, Format Version 12.00
# Visual Studio Version 16
VisualStudioVersion = 16.0.34407.143
MinimumVisualStudioVersion = 10.0.40219.1
Project("{FAE04EC0-301F-11D3-BF4B-00C04F79EFBC}") = "Staff_Purchase_", "Staff_Purchase_.csproj", "{22415BC5-909E-4B1A-8626-2D9CC131E860}"
EndProject
Global
	GlobalSection(SolutionConfigurationPlatforms) = preSolution
		Debug|Any CPU = Debug|Any CPU
		Release|Any CPU = Release|Any CPU
	EndGlobalSection
	GlobalSection(ProjectConfigurationPlatforms) = postSolution
		{22415BC5-909E-4B1A-8626-2D9CC131E860}.Debug|Any CPU.ActiveCfg = Debug|Any CPU
		{22415BC5-909E-4B1A-8626-2D9CC131E860}.Debug|Any CPU.Build.0 = Debug|Any CPU
		{22415BC5-909E-4B1A-8626-2D9CC131E860}.Release|Any CPU.ActiveCfg = Release|Any CPU
		{22415BC5-909E-4B1A-8626-2D9CC131E860}.Release|Any CPU.Build.0 = Release|Any CPU
	EndGlobalSection
	GlobalSection(SolutionProperties) = preSolution
		HideSolutionNode = FALSE
	EndGlobalSection
	GlobalSection(ExtensibilityGlobals) = postSolution
		SolutionGuid = {CD6B7939-4EE2-472C-BFA8-109B77EFC80E}
	EndGlobalSection
EndGlobal
